// !$*UTF8*$!
{
	archiveVersion = 1;
	classes = {
	};
	objectVersion = 51;
	objects = {

/* Begin PBXBuildFile section */
		068D7FA824D4CD3900AB1549 /* AppDelegate.swift in Sources */ = {isa = PBXBuildFile; fileRef = 068D7FA724D4CD3900AB1549 /* AppDelegate.swift */; };
		068D7FAA24D4CD3900AB1549 /* SceneDelegate.swift in Sources */ = {isa = PBXBuildFile; fileRef = 068D7FA924D4CD3900AB1549 /* SceneDelegate.swift */; };
		068D7FAC24D4CD3900AB1549 /* ProductCatalogTableViewController.swift in Sources */ = {isa = PBXBuildFile; fileRef = 068D7FAB24D4CD3900AB1549 /* ProductCatalogTableViewController.swift */; };
		068D7FAF24D4CD3900AB1549 /* Main.storyboard in Resources */ = {isa = PBXBuildFile; fileRef = 068D7FAD24D4CD3900AB1549 /* Main.storyboard */; };
		068D7FB124D4CD3C00AB1549 /* Assets.xcassets in Resources */ = {isa = PBXBuildFile; fileRef = 068D7FB024D4CD3C00AB1549 /* Assets.xcassets */; };
		068D7FB424D4CD3C00AB1549 /* LaunchScreen.storyboard in Resources */ = {isa = PBXBuildFile; fileRef = 068D7FB224D4CD3C00AB1549 /* LaunchScreen.storyboard */; };
		068D7FBF24D4CD3C00AB1549 /* NordstromRackTests.swift in Sources */ = {isa = PBXBuildFile; fileRef = 068D7FBE24D4CD3C00AB1549 /* NordstromRackTests.swift */; };
		068D7FCD24D5C01E00AB1549 /* CatalogModel.swift in Sources */ = {isa = PBXBuildFile; fileRef = 068D7FCC24D5C01E00AB1549 /* CatalogModel.swift */; };
		068D7FCF24D5C09E00AB1549 /* ProductModel.swift in Sources */ = {isa = PBXBuildFile; fileRef = 068D7FCE24D5C09E00AB1549 /* ProductModel.swift */; };
		068D7FD124D5C10000AB1549 /* ImageModel.swift in Sources */ = {isa = PBXBuildFile; fileRef = 068D7FD024D5C10000AB1549 /* ImageModel.swift */; };
		068D7FD324D5C18400AB1549 /* CatalogSession.swift in Sources */ = {isa = PBXBuildFile; fileRef = 068D7FD224D5C18400AB1549 /* CatalogSession.swift */; };
		068D7FD524D5C25B00AB1549 /* ApiRequestBuilder.swift in Sources */ = {isa = PBXBuildFile; fileRef = 068D7FD424D5C25B00AB1549 /* ApiRequestBuilder.swift */; };
		068D7FD924D5C3C500AB1549 /* ApiProtocol.swift in Sources */ = {isa = PBXBuildFile; fileRef = 068D7FD824D5C3C500AB1549 /* ApiProtocol.swift */; };
		068D7FDB24D5CB3B00AB1549 /* CatalogApi.swift in Sources */ = {isa = PBXBuildFile; fileRef = 068D7FDA24D5CB3B00AB1549 /* CatalogApi.swift */; };
		068D7FDD24D5CB5D00AB1549 /* SessionProtocol.swift in Sources */ = {isa = PBXBuildFile; fileRef = 068D7FDC24D5CB5D00AB1549 /* SessionProtocol.swift */; };
		068D7FE124D5DF7200AB1549 /* ViewModel.swift in Sources */ = {isa = PBXBuildFile; fileRef = 068D7FE024D5DF7200AB1549 /* ViewModel.swift */; };
		068D7FE324D5F4C200AB1549 /* ProductTableViewCell.swift in Sources */ = {isa = PBXBuildFile; fileRef = 068D7FE224D5F4C200AB1549 /* ProductTableViewCell.swift */; };
		068D7FE624D615ED00AB1549 /* Extensions.swift in Sources */ = {isa = PBXBuildFile; fileRef = 068D7FE524D615ED00AB1549 /* Extensions.swift */; };
		068D7FE824D6216200AB1549 /* ProductCatalogViewModel.swift in Sources */ = {isa = PBXBuildFile; fileRef = 068D7FE724D6216200AB1549 /* ProductCatalogViewModel.swift */; };
		1AE32C703991E8D1496E9AD0 /* Pods_NordstromRackTests.framework in Frameworks */ = {isa = PBXBuildFile; fileRef = 0BAC2189669C0C4937559B71 /* Pods_NordstromRackTests.framework */; };
		9B8AE6655022D77CF6E8E410 /* Pods_NordstromRack.framework in Frameworks */ = {isa = PBXBuildFile; fileRef = C93757A63D11D94B70A78CAC /* Pods_NordstromRack.framework */; };
/* End PBXBuildFile section */

/* Begin PBXContainerItemProxy section */
		068D7FBB24D4CD3C00AB1549 /* PBXContainerItemProxy */ = {
			isa = PBXContainerItemProxy;
			containerPortal = 068D7F9C24D4CD3800AB1549 /* Project object */;
			proxyType = 1;
			remoteGlobalIDString = 068D7FA324D4CD3800AB1549;
			remoteInfo = NordstromRack;
		};
/* End PBXContainerItemProxy section */

/* Begin PBXFileReference section */
		068D7FA424D4CD3800AB1549 /* NordstromRack.app */ = {isa = PBXFileReference; explicitFileType = wrapper.application; includeInIndex = 0; path = NordstromRack.app; sourceTree = BUILT_PRODUCTS_DIR; };
		068D7FA724D4CD3900AB1549 /* AppDelegate.swift */ = {isa = PBXFileReference; lastKnownFileType = sourcecode.swift; path = AppDelegate.swift; sourceTree = "<group>"; };
		068D7FA924D4CD3900AB1549 /* SceneDelegate.swift */ = {isa = PBXFileReference; lastKnownFileType = sourcecode.swift; path = SceneDelegate.swift; sourceTree = "<group>"; };
		068D7FAB24D4CD3900AB1549 /* ProductCatalogTableViewController.swift */ = {isa = PBXFileReference; lastKnownFileType = sourcecode.swift; path = ProductCatalogTableViewController.swift; sourceTree = "<group>"; };
		068D7FAE24D4CD3900AB1549 /* Base */ = {isa = PBXFileReference; lastKnownFileType = file.storyboard; name = Base; path = Base.lproj/Main.storyboard; sourceTree = "<group>"; };
		068D7FB024D4CD3C00AB1549 /* Assets.xcassets */ = {isa = PBXFileReference; lastKnownFileType = folder.assetcatalog; path = Assets.xcassets; sourceTree = "<group>"; };
		068D7FB324D4CD3C00AB1549 /* Base */ = {isa = PBXFileReference; lastKnownFileType = file.storyboard; name = Base; path = Base.lproj/LaunchScreen.storyboard; sourceTree = "<group>"; };
		068D7FB524D4CD3C00AB1549 /* Info.plist */ = {isa = PBXFileReference; lastKnownFileType = text.plist.xml; path = Info.plist; sourceTree = "<group>"; };
		068D7FBA24D4CD3C00AB1549 /* NordstromRackTests.xctest */ = {isa = PBXFileReference; explicitFileType = wrapper.cfbundle; includeInIndex = 0; path = NordstromRackTests.xctest; sourceTree = BUILT_PRODUCTS_DIR; };
		068D7FBE24D4CD3C00AB1549 /* NordstromRackTests.swift */ = {isa = PBXFileReference; lastKnownFileType = sourcecode.swift; path = NordstromRackTests.swift; sourceTree = "<group>"; };
		068D7FC024D4CD3C00AB1549 /* Info.plist */ = {isa = PBXFileReference; lastKnownFileType = text.plist.xml; path = Info.plist; sourceTree = "<group>"; };
		068D7FCC24D5C01E00AB1549 /* CatalogModel.swift */ = {isa = PBXFileReference; lastKnownFileType = sourcecode.swift; path = CatalogModel.swift; sourceTree = "<group>"; };
		068D7FCE24D5C09E00AB1549 /* ProductModel.swift */ = {isa = PBXFileReference; lastKnownFileType = sourcecode.swift; path = ProductModel.swift; sourceTree = "<group>"; };
		068D7FD024D5C10000AB1549 /* ImageModel.swift */ = {isa = PBXFileReference; lastKnownFileType = sourcecode.swift; path = ImageModel.swift; sourceTree = "<group>"; };
		068D7FD224D5C18400AB1549 /* CatalogSession.swift */ = {isa = PBXFileReference; lastKnownFileType = sourcecode.swift; path = CatalogSession.swift; sourceTree = "<group>"; };
		068D7FD424D5C25B00AB1549 /* ApiRequestBuilder.swift */ = {isa = PBXFileReference; lastKnownFileType = sourcecode.swift; path = ApiRequestBuilder.swift; sourceTree = "<group>"; };
		068D7FD824D5C3C500AB1549 /* ApiProtocol.swift */ = {isa = PBXFileReference; lastKnownFileType = sourcecode.swift; path = ApiProtocol.swift; sourceTree = "<group>"; };
		068D7FDA24D5CB3B00AB1549 /* CatalogApi.swift */ = {isa = PBXFileReference; lastKnownFileType = sourcecode.swift; path = CatalogApi.swift; sourceTree = "<group>"; };
		068D7FDC24D5CB5D00AB1549 /* SessionProtocol.swift */ = {isa = PBXFileReference; lastKnownFileType = sourcecode.swift; path = SessionProtocol.swift; sourceTree = "<group>"; };
		068D7FE024D5DF7200AB1549 /* ViewModel.swift */ = {isa = PBXFileReference; lastKnownFileType = sourcecode.swift; path = ViewModel.swift; sourceTree = "<group>"; };
		068D7FE224D5F4C200AB1549 /* ProductTableViewCell.swift */ = {isa = PBXFileReference; lastKnownFileType = sourcecode.swift; path = ProductTableViewCell.swift; sourceTree = "<group>"; };
		068D7FE524D615ED00AB1549 /* Extensions.swift */ = {isa = PBXFileReference; lastKnownFileType = sourcecode.swift; path = Extensions.swift; sourceTree = "<group>"; };
		068D7FE724D6216200AB1549 /* ProductCatalogViewModel.swift */ = {isa = PBXFileReference; lastKnownFileType = sourcecode.swift; path = ProductCatalogViewModel.swift; sourceTree = "<group>"; };
		0BAC2189669C0C4937559B71 /* Pods_NordstromRackTests.framework */ = {isa = PBXFileReference; explicitFileType = wrapper.framework; includeInIndex = 0; path = Pods_NordstromRackTests.framework; sourceTree = BUILT_PRODUCTS_DIR; };
		153896C37B83E437FD7EA5E4 /* Pods-NordstromRack.release.xcconfig */ = {isa = PBXFileReference; includeInIndex = 1; lastKnownFileType = text.xcconfig; name = "Pods-NordstromRack.release.xcconfig"; path = "Target Support Files/Pods-NordstromRack/Pods-NordstromRack.release.xcconfig"; sourceTree = "<group>"; };
		3095C590015B38F08D933A17 /* Pods-NordstromRackTests.debug.xcconfig */ = {isa = PBXFileReference; includeInIndex = 1; lastKnownFileType = text.xcconfig; name = "Pods-NordstromRackTests.debug.xcconfig"; path = "Target Support Files/Pods-NordstromRackTests/Pods-NordstromRackTests.debug.xcconfig"; sourceTree = "<group>"; };
		42BE8F18CFDB612DC004297D /* Pods-NordstromRack.debug.xcconfig */ = {isa = PBXFileReference; includeInIndex = 1; lastKnownFileType = text.xcconfig; name = "Pods-NordstromRack.debug.xcconfig"; path = "Target Support Files/Pods-NordstromRack/Pods-NordstromRack.debug.xcconfig"; sourceTree = "<group>"; };
		C93757A63D11D94B70A78CAC /* Pods_NordstromRack.framework */ = {isa = PBXFileReference; explicitFileType = wrapper.framework; includeInIndex = 0; path = Pods_NordstromRack.framework; sourceTree = BUILT_PRODUCTS_DIR; };
		E64F654C36E82DE06C6FCD02 /* Pods-NordstromRackTests.release.xcconfig */ = {isa = PBXFileReference; includeInIndex = 1; lastKnownFileType = text.xcconfig; name = "Pods-NordstromRackTests.release.xcconfig"; path = "Target Support Files/Pods-NordstromRackTests/Pods-NordstromRackTests.release.xcconfig"; sourceTree = "<group>"; };
/* End PBXFileReference section */

/* Begin PBXFrameworksBuildPhase section */
		068D7FA124D4CD3800AB1549 /* Frameworks */ = {
			isa = PBXFrameworksBuildPhase;
			buildActionMask = 2147483647;
			files = (
				9B8AE6655022D77CF6E8E410 /* Pods_NordstromRack.framework in Frameworks */,
			);
			runOnlyForDeploymentPostprocessing = 0;
		};
		068D7FB724D4CD3C00AB1549 /* Frameworks */ = {
			isa = PBXFrameworksBuildPhase;
			buildActionMask = 2147483647;
			files = (
				1AE32C703991E8D1496E9AD0 /* Pods_NordstromRackTests.framework in Frameworks */,
			);
			runOnlyForDeploymentPostprocessing = 0;
		};
/* End PBXFrameworksBuildPhase section */

/* Begin PBXGroup section */
		064944B524D628BA00F9D40C /* ViewModels */ = {
			isa = PBXGroup;
			children = (
				068D7FE024D5DF7200AB1549 /* ViewModel.swift */,
				068D7FE724D6216200AB1549 /* ProductCatalogViewModel.swift */,
			);
			path = ViewModels;
			sourceTree = "<group>";
		};
		065CB41D24D62BD9004F6E4A /* CatalogTable */ = {
			isa = PBXGroup;
			children = (
				068D7FAB24D4CD3900AB1549 /* ProductCatalogTableViewController.swift */,
				068D7FE224D5F4C200AB1549 /* ProductTableViewCell.swift */,
			);
			path = CatalogTable;
			sourceTree = "<group>";
		};
		068D7F9B24D4CD3800AB1549 = {
			isa = PBXGroup;
			children = (
				068D7FA624D4CD3800AB1549 /* NordstromRack */,
				068D7FBD24D4CD3C00AB1549 /* NordstromRackTests */,
				068D7FA524D4CD3800AB1549 /* Products */,
				1017A1A131B83AC481B46AF9 /* Pods */,
				2FE1FEDB860E98456115682A /* Frameworks */,
			);
			sourceTree = "<group>";
		};
		068D7FA524D4CD3800AB1549 /* Products */ = {
			isa = PBXGroup;
			children = (
				068D7FA424D4CD3800AB1549 /* NordstromRack.app */,
				068D7FBA24D4CD3C00AB1549 /* NordstromRackTests.xctest */,
			);
			name = Products;
			sourceTree = "<group>";
		};
		068D7FA624D4CD3800AB1549 /* NordstromRack */ = {
			isa = PBXGroup;
			children = (
				068D7FDF24D5DF4D00AB1549 /* Screens */,
				068D7FDE24D5DF3200AB1549 /* AppDelegate */,
				068D7FC924D5BFB700AB1549 /* Api */,
				068D7FB024D4CD3C00AB1549 /* Assets.xcassets */,
				068D7FB224D4CD3C00AB1549 /* LaunchScreen.storyboard */,
				068D7FB524D4CD3C00AB1549 /* Info.plist */,
			);
			path = NordstromRack;
			sourceTree = "<group>";
		};
		068D7FBD24D4CD3C00AB1549 /* NordstromRackTests */ = {
			isa = PBXGroup;
			children = (
				068D7FBE24D4CD3C00AB1549 /* NordstromRackTests.swift */,
				068D7FC024D4CD3C00AB1549 /* Info.plist */,
			);
			path = NordstromRackTests;
			sourceTree = "<group>";
		};
		068D7FC924D5BFB700AB1549 /* Api */ = {
			isa = PBXGroup;
			children = (
				068D7FD724D5C3AB00AB1549 /* Apis */,
				068D7FD624D5C39900AB1549 /* Sessions */,
				068D7FCB24D5BFEB00AB1549 /* Models */,
				068D7FD424D5C25B00AB1549 /* ApiRequestBuilder.swift */,
			);
			path = Api;
			sourceTree = "<group>";
		};
		068D7FCB24D5BFEB00AB1549 /* Models */ = {
			isa = PBXGroup;
			children = (
				068D7FCC24D5C01E00AB1549 /* CatalogModel.swift */,
				068D7FCE24D5C09E00AB1549 /* ProductModel.swift */,
				068D7FD024D5C10000AB1549 /* ImageModel.swift */,
			);
			path = Models;
			sourceTree = "<group>";
		};
		068D7FD624D5C39900AB1549 /* Sessions */ = {
			isa = PBXGroup;
			children = (
				068D7FDC24D5CB5D00AB1549 /* SessionProtocol.swift */,
				068D7FD224D5C18400AB1549 /* CatalogSession.swift */,
			);
			path = Sessions;
			sourceTree = "<group>";
		};
		068D7FD724D5C3AB00AB1549 /* Apis */ = {
			isa = PBXGroup;
			children = (
				068D7FD824D5C3C500AB1549 /* ApiProtocol.swift */,
				068D7FDA24D5CB3B00AB1549 /* CatalogApi.swift */,
			);
			path = Apis;
			sourceTree = "<group>";
		};
		068D7FDE24D5DF3200AB1549 /* AppDelegate */ = {
			isa = PBXGroup;
			children = (
				068D7FA724D4CD3900AB1549 /* AppDelegate.swift */,
				068D7FA924D4CD3900AB1549 /* SceneDelegate.swift */,
			);
			path = AppDelegate;
			sourceTree = "<group>";
		};
		068D7FDF24D5DF4D00AB1549 /* Screens */ = {
			isa = PBXGroup;
			children = (
				064944B524D628BA00F9D40C /* ViewModels */,
				068D7FE924D6233700AB1549 /* ViewControllers */,
				068D7FE524D615ED00AB1549 /* Extensions.swift */,
				068D7FAD24D4CD3900AB1549 /* Main.storyboard */,
			);
			path = Screens;
			sourceTree = "<group>";
		};
		068D7FE924D6233700AB1549 /* ViewControllers */ = {
			isa = PBXGroup;
			children = (
				065CB41D24D62BD9004F6E4A /* CatalogTable */,
			);
			path = ViewControllers;
			sourceTree = "<group>";
		};
		1017A1A131B83AC481B46AF9 /* Pods */ = {
			isa = PBXGroup;
			children = (
				42BE8F18CFDB612DC004297D /* Pods-NordstromRack.debug.xcconfig */,
				153896C37B83E437FD7EA5E4 /* Pods-NordstromRack.release.xcconfig */,
				3095C590015B38F08D933A17 /* Pods-NordstromRackTests.debug.xcconfig */,
				E64F654C36E82DE06C6FCD02 /* Pods-NordstromRackTests.release.xcconfig */,
			);
			path = Pods;
			sourceTree = "<group>";
		};
		2FE1FEDB860E98456115682A /* Frameworks */ = {
			isa = PBXGroup;
			children = (
				C93757A63D11D94B70A78CAC /* Pods_NordstromRack.framework */,
				0BAC2189669C0C4937559B71 /* Pods_NordstromRackTests.framework */,
			);
			name = Frameworks;
			sourceTree = "<group>";
		};
/* End PBXGroup section */

/* Begin PBXNativeTarget section */
		068D7FA324D4CD3800AB1549 /* NordstromRack */ = {
			isa = PBXNativeTarget;
			buildConfigurationList = 068D7FC324D4CD3C00AB1549 /* Build configuration list for PBXNativeTarget "NordstromRack" */;
			buildPhases = (
				3FD07070C49B5C375DCF8368 /* [CP] Check Pods Manifest.lock */,
				068D7FA024D4CD3800AB1549 /* Sources */,
				068D7FA124D4CD3800AB1549 /* Frameworks */,
				068D7FA224D4CD3800AB1549 /* Resources */,
				FD2F7B8B85C6D43451D204FF /* [CP] Embed Pods Frameworks */,
			);
			buildRules = (
			);
			dependencies = (
			);
			name = NordstromRack;
			productName = NordstromRack;
			productReference = 068D7FA424D4CD3800AB1549 /* NordstromRack.app */;
			productType = "com.apple.product-type.application";
		};
		068D7FB924D4CD3C00AB1549 /* NordstromRackTests */ = {
			isa = PBXNativeTarget;
			buildConfigurationList = 068D7FC624D4CD3C00AB1549 /* Build configuration list for PBXNativeTarget "NordstromRackTests" */;
			buildPhases = (
				37D1AD06F87D048B638CAFB6 /* [CP] Check Pods Manifest.lock */,
				068D7FB624D4CD3C00AB1549 /* Sources */,
				068D7FB724D4CD3C00AB1549 /* Frameworks */,
				068D7FB824D4CD3C00AB1549 /* Resources */,
			);
			buildRules = (
			);
			dependencies = (
				068D7FBC24D4CD3C00AB1549 /* PBXTargetDependency */,
			);
			name = NordstromRackTests;
			productName = NordstromRackTests;
			productReference = 068D7FBA24D4CD3C00AB1549 /* NordstromRackTests.xctest */;
			productType = "com.apple.product-type.bundle.unit-test";
		};
/* End PBXNativeTarget section */

/* Begin PBXProject section */
		068D7F9C24D4CD3800AB1549 /* Project object */ = {
			isa = PBXProject;
			attributes = {
				LastSwiftUpdateCheck = 1160;
				LastUpgradeCheck = 1160;
				ORGANIZATIONNAME = AJ;
				TargetAttributes = {
					068D7FA324D4CD3800AB1549 = {
						CreatedOnToolsVersion = 11.6;
					};
					068D7FB924D4CD3C00AB1549 = {
						CreatedOnToolsVersion = 11.6;
						TestTargetID = 068D7FA324D4CD3800AB1549;
					};
				};
			};
			buildConfigurationList = 068D7F9F24D4CD3800AB1549 /* Build configuration list for PBXProject "NordstromRack" */;
			compatibilityVersion = "Xcode 9.3";
			developmentRegion = en;
			hasScannedForEncodings = 0;
			knownRegions = (
				en,
				Base,
			);
			mainGroup = 068D7F9B24D4CD3800AB1549;
			productRefGroup = 068D7FA524D4CD3800AB1549 /* Products */;
			projectDirPath = "";
			projectRoot = "";
			targets = (
				068D7FA324D4CD3800AB1549 /* NordstromRack */,
				068D7FB924D4CD3C00AB1549 /* NordstromRackTests */,
			);
		};
/* End PBXProject section */

/* Begin PBXResourcesBuildPhase section */
		068D7FA224D4CD3800AB1549 /* Resources */ = {
			isa = PBXResourcesBuildPhase;
			buildActionMask = 2147483647;
			files = (
				068D7FB424D4CD3C00AB1549 /* LaunchScreen.storyboard in Resources */,
				068D7FB124D4CD3C00AB1549 /* Assets.xcassets in Resources */,
				068D7FAF24D4CD3900AB1549 /* Main.storyboard in Resources */,
			);
			runOnlyForDeploymentPostprocessing = 0;
		};
		068D7FB824D4CD3C00AB1549 /* Resources */ = {
			isa = PBXResourcesBuildPhase;
			buildActionMask = 2147483647;
			files = (
			);
			runOnlyForDeploymentPostprocessing = 0;
		};
/* End PBXResourcesBuildPhase section */

/* Begin PBXShellScriptBuildPhase section */
		37D1AD06F87D048B638CAFB6 /* [CP] Check Pods Manifest.lock */ = {
			isa = PBXShellScriptBuildPhase;
			buildActionMask = 2147483647;
			files = (
			);
			inputFileListPaths = (
			);
			inputPaths = (
				"${PODS_PODFILE_DIR_PATH}/Podfile.lock",
				"${PODS_ROOT}/Manifest.lock",
			);
			name = "[CP] Check Pods Manifest.lock";
			outputFileListPaths = (
			);
			outputPaths = (
				"$(DERIVED_FILE_DIR)/Pods-NordstromRackTests-checkManifestLockResult.txt",
			);
			runOnlyForDeploymentPostprocessing = 0;
			shellPath = /bin/sh;
			shellScript = "diff \"${PODS_PODFILE_DIR_PATH}/Podfile.lock\" \"${PODS_ROOT}/Manifest.lock\" > /dev/null\nif [ $? != 0 ] ; then\n    # print error to STDERR\n    echo \"error: The sandbox is not in sync with the Podfile.lock. Run 'pod install' or update your CocoaPods installation.\" >&2\n    exit 1\nfi\n# This output is used by Xcode 'outputs' to avoid re-running this script phase.\necho \"SUCCESS\" > \"${SCRIPT_OUTPUT_FILE_0}\"\n";
			showEnvVarsInLog = 0;
		};
		3FD07070C49B5C375DCF8368 /* [CP] Check Pods Manifest.lock */ = {
			isa = PBXShellScriptBuildPhase;
			buildActionMask = 2147483647;
			files = (
			);
			inputFileListPaths = (
			);
			inputPaths = (
				"${PODS_PODFILE_DIR_PATH}/Podfile.lock",
				"${PODS_ROOT}/Manifest.lock",
			);
			name = "[CP] Check Pods Manifest.lock";
			outputFileListPaths = (
			);
			outputPaths = (
				"$(DERIVED_FILE_DIR)/Pods-NordstromRack-checkManifestLockResult.txt",
			);
			runOnlyForDeploymentPostprocessing = 0;
			shellPath = /bin/sh;
			shellScript = "diff \"${PODS_PODFILE_DIR_PATH}/Podfile.lock\" \"${PODS_ROOT}/Manifest.lock\" > /dev/null\nif [ $? != 0 ] ; then\n    # print error to STDERR\n    echo \"error: The sandbox is not in sync with the Podfile.lock. Run 'pod install' or update your CocoaPods installation.\" >&2\n    exit 1\nfi\n# This output is used by Xcode 'outputs' to avoid re-running this script phase.\necho \"SUCCESS\" > \"${SCRIPT_OUTPUT_FILE_0}\"\n";
			showEnvVarsInLog = 0;
		};
		FD2F7B8B85C6D43451D204FF /* [CP] Embed Pods Frameworks */ = {
			isa = PBXShellScriptBuildPhase;
			buildActionMask = 2147483647;
			files = (
			);
			inputFileListPaths = (
				"${PODS_ROOT}/Target Support Files/Pods-NordstromRack/Pods-NordstromRack-frameworks-${CONFIGURATION}-input-files.xcfilelist",
			);
			name = "[CP] Embed Pods Frameworks";
			outputFileListPaths = (
				"${PODS_ROOT}/Target Support Files/Pods-NordstromRack/Pods-NordstromRack-frameworks-${CONFIGURATION}-output-files.xcfilelist",
			);
			runOnlyForDeploymentPostprocessing = 0;
			shellPath = /bin/sh;
			shellScript = "\"${PODS_ROOT}/Target Support Files/Pods-NordstromRack/Pods-NordstromRack-frameworks.sh\"\n";
			showEnvVarsInLog = 0;
		};
/* End PBXShellScriptBuildPhase section */

/* Begin PBXSourcesBuildPhase section */
		068D7FA024D4CD3800AB1549 /* Sources */ = {
			isa = PBXSourcesBuildPhase;
			buildActionMask = 2147483647;
			files = (
				068D7FDD24D5CB5D00AB1549 /* SessionProtocol.swift in Sources */,
				068D7FDB24D5CB3B00AB1549 /* CatalogApi.swift in Sources */,
				068D7FAC24D4CD3900AB1549 /* ProductCatalogTableViewController.swift in Sources */,
				068D7FD524D5C25B00AB1549 /* ApiRequestBuilder.swift in Sources */,
				068D7FD124D5C10000AB1549 /* ImageModel.swift in Sources */,
				068D7FCD24D5C01E00AB1549 /* CatalogModel.swift in Sources */,
				068D7FD924D5C3C500AB1549 /* ApiProtocol.swift in Sources */,
				068D7FE324D5F4C200AB1549 /* ProductTableViewCell.swift in Sources */,
				068D7FE824D6216200AB1549 /* ProductCatalogViewModel.swift in Sources */,
				068D7FA824D4CD3900AB1549 /* AppDelegate.swift in Sources */,
				068D7FAA24D4CD3900AB1549 /* SceneDelegate.swift in Sources */,
				068D7FD324D5C18400AB1549 /* CatalogSession.swift in Sources */,
				068D7FE124D5DF7200AB1549 /* ViewModel.swift in Sources */,
				068D7FCF24D5C09E00AB1549 /* ProductModel.swift in Sources */,
				068D7FE624D615ED00AB1549 /* Extensions.swift in Sources */,
			);
			runOnlyForDeploymentPostprocessing = 0;
		};
		068D7FB624D4CD3C00AB1549 /* Sources */ = {
			isa = PBXSourcesBuildPhase;
			buildActionMask = 2147483647;
			files = (
				068D7FBF24D4CD3C00AB1549 /* NordstromRackTests.swift in Sources */,
			);
			runOnlyForDeploymentPostprocessing = 0;
		};
/* End PBXSourcesBuildPhase section */

/* Begin PBXTargetDependency section */
		068D7FBC24D4CD3C00AB1549 /* PBXTargetDependency */ = {
			isa = PBXTargetDependency;
			target = 068D7FA324D4CD3800AB1549 /* NordstromRack */;
			targetProxy = 068D7FBB24D4CD3C00AB1549 /* PBXContainerItemProxy */;
		};
/* End PBXTargetDependency section */

/* Begin PBXVariantGroup section */
		068D7FAD24D4CD3900AB1549 /* Main.storyboard */ = {
			isa = PBXVariantGroup;
			children = (
				068D7FAE24D4CD3900AB1549 /* Base */,
			);
			name = Main.storyboard;
			sourceTree = "<group>";
		};
		068D7FB224D4CD3C00AB1549 /* LaunchScreen.storyboard */ = {
			isa = PBXVariantGroup;
			children = (
				068D7FB324D4CD3C00AB1549 /* Base */,
			);
			name = LaunchScreen.storyboard;
			sourceTree = "<group>";
		};
/* End PBXVariantGroup section */

/* Begin XCBuildConfiguration section */
		068D7FC124D4CD3C00AB1549 /* Debug */ = {
			isa = XCBuildConfiguration;
			buildSettings = {
				ALWAYS_SEARCH_USER_PATHS = NO;
				CLANG_ANALYZER_NONNULL = YES;
				CLANG_ANALYZER_NUMBER_OBJECT_CONVERSION = YES_AGGRESSIVE;
				CLANG_CXX_LANGUAGE_STANDARD = "gnu++14";
				CLANG_CXX_LIBRARY = "libc++";
				CLANG_ENABLE_MODULES = YES;
				CLANG_ENABLE_OBJC_ARC = YES;
				CLANG_ENABLE_OBJC_WEAK = YES;
				CLANG_WARN_BLOCK_CAPTURE_AUTORELEASING = YES;
				CLANG_WARN_BOOL_CONVERSION = YES;
				CLANG_WARN_COMMA = YES;
				CLANG_WARN_CONSTANT_CONVERSION = YES;
				CLANG_WARN_DEPRECATED_OBJC_IMPLEMENTATIONS = YES;
				CLANG_WARN_DIRECT_OBJC_ISA_USAGE = YES_ERROR;
				CLANG_WARN_DOCUMENTATION_COMMENTS = YES;
				CLANG_WARN_EMPTY_BODY = YES;
				CLANG_WARN_ENUM_CONVERSION = YES;
				CLANG_WARN_INFINITE_RECURSION = YES;
				CLANG_WARN_INT_CONVERSION = YES;
				CLANG_WARN_NON_LITERAL_NULL_CONVERSION = YES;
				CLANG_WARN_OBJC_IMPLICIT_RETAIN_SELF = YES;
				CLANG_WARN_OBJC_LITERAL_CONVERSION = YES;
				CLANG_WARN_OBJC_ROOT_CLASS = YES_ERROR;
				CLANG_WARN_RANGE_LOOP_ANALYSIS = YES;
				CLANG_WARN_STRICT_PROTOTYPES = YES;
				CLANG_WARN_SUSPICIOUS_MOVE = YES;
				CLANG_WARN_UNGUARDED_AVAILABILITY = YES_AGGRESSIVE;
				CLANG_WARN_UNREACHABLE_CODE = YES;
				CLANG_WARN__DUPLICATE_METHOD_MATCH = YES;
				COPY_PHASE_STRIP = NO;
				DEBUG_INFORMATION_FORMAT = dwarf;
				ENABLE_STRICT_OBJC_MSGSEND = YES;
				ENABLE_TESTABILITY = YES;
				GCC_C_LANGUAGE_STANDARD = gnu11;
				GCC_DYNAMIC_NO_PIC = NO;
				GCC_NO_COMMON_BLOCKS = YES;
				GCC_OPTIMIZATION_LEVEL = 0;
				GCC_PREPROCESSOR_DEFINITIONS = (
					"DEBUG=1",
					"$(inherited)",
				);
				GCC_WARN_64_TO_32_BIT_CONVERSION = YES;
				GCC_WARN_ABOUT_RETURN_TYPE = YES_ERROR;
				GCC_WARN_UNDECLARED_SELECTOR = YES;
				GCC_WARN_UNINITIALIZED_AUTOS = YES_AGGRESSIVE;
				GCC_WARN_UNUSED_FUNCTION = YES;
				GCC_WARN_UNUSED_VARIABLE = YES;
				IPHONEOS_DEPLOYMENT_TARGET = 13.6;
				MTL_ENABLE_DEBUG_INFO = INCLUDE_SOURCE;
				MTL_FAST_MATH = YES;
				ONLY_ACTIVE_ARCH = YES;
				SDKROOT = iphoneos;
				SWIFT_ACTIVE_COMPILATION_CONDITIONS = DEBUG;
				SWIFT_OPTIMIZATION_LEVEL = "-Onone";
			};
			name = Debug;
		};
		068D7FC224D4CD3C00AB1549 /* Release */ = {
			isa = XCBuildConfiguration;
			buildSettings = {
				ALWAYS_SEARCH_USER_PATHS = NO;
				CLANG_ANALYZER_NONNULL = YES;
				CLANG_ANALYZER_NUMBER_OBJECT_CONVERSION = YES_AGGRESSIVE;
				CLANG_CXX_LANGUAGE_STANDARD = "gnu++14";
				CLANG_CXX_LIBRARY = "libc++";
				CLANG_ENABLE_MODULES = YES;
				CLANG_ENABLE_OBJC_ARC = YES;
				CLANG_ENABLE_OBJC_WEAK = YES;
				CLANG_WARN_BLOCK_CAPTURE_AUTORELEASING = YES;
				CLANG_WARN_BOOL_CONVERSION = YES;
				CLANG_WARN_COMMA = YES;
				CLANG_WARN_CONSTANT_CONVERSION = YES;
				CLANG_WARN_DEPRECATED_OBJC_IMPLEMENTATIONS = YES;
				CLANG_WARN_DIRECT_OBJC_ISA_USAGE = YES_ERROR;
				CLANG_WARN_DOCUMENTATION_COMMENTS = YES;
				CLANG_WARN_EMPTY_BODY = YES;
				CLANG_WARN_ENUM_CONVERSION = YES;
				CLANG_WARN_INFINITE_RECURSION = YES;
				CLANG_WARN_INT_CONVERSION = YES;
				CLANG_WARN_NON_LITERAL_NULL_CONVERSION = YES;
				CLANG_WARN_OBJC_IMPLICIT_RETAIN_SELF = YES;
				CLANG_WARN_OBJC_LITERAL_CONVERSION = YES;
				CLANG_WARN_OBJC_ROOT_CLASS = YES_ERROR;
				CLANG_WARN_RANGE_LOOP_ANALYSIS = YES;
				CLANG_WARN_STRICT_PROTOTYPES = YES;
				CLANG_WARN_SUSPICIOUS_MOVE = YES;
				CLANG_WARN_UNGUARDED_AVAILABILITY = YES_AGGRESSIVE;
				CLANG_WARN_UNREACHABLE_CODE = YES;
				CLANG_WARN__DUPLICATE_METHOD_MATCH = YES;
				COPY_PHASE_STRIP = NO;
				DEBUG_INFORMATION_FORMAT = "dwarf-with-dsym";
				ENABLE_NS_ASSERTIONS = NO;
				ENABLE_STRICT_OBJC_MSGSEND = YES;
				GCC_C_LANGUAGE_STANDARD = gnu11;
				GCC_NO_COMMON_BLOCKS = YES;
				GCC_WARN_64_TO_32_BIT_CONVERSION = YES;
				GCC_WARN_ABOUT_RETURN_TYPE = YES_ERROR;
				GCC_WARN_UNDECLARED_SELECTOR = YES;
				GCC_WARN_UNINITIALIZED_AUTOS = YES_AGGRESSIVE;
				GCC_WARN_UNUSED_FUNCTION = YES;
				GCC_WARN_UNUSED_VARIABLE = YES;
				IPHONEOS_DEPLOYMENT_TARGET = 13.6;
				MTL_ENABLE_DEBUG_INFO = NO;
				MTL_FAST_MATH = YES;
				SDKROOT = iphoneos;
				SWIFT_COMPILATION_MODE = wholemodule;
				SWIFT_OPTIMIZATION_LEVEL = "-O";
				VALIDATE_PRODUCT = YES;
			};
			name = Release;
		};
		068D7FC424D4CD3C00AB1549 /* Debug */ = {
			isa = XCBuildConfiguration;
			baseConfigurationReference = 42BE8F18CFDB612DC004297D /* Pods-NordstromRack.debug.xcconfig */;
			buildSettings = {
				ASSETCATALOG_COMPILER_APPICON_NAME = AppIcon;
				CODE_SIGN_STYLE = Automatic;
				DEVELOPMENT_TEAM = G4722899K4;
				INFOPLIST_FILE = NordstromRack/Info.plist;
				LD_RUNPATH_SEARCH_PATHS = (
					"$(inherited)",
					"@executable_path/Frameworks",
				);
				PRODUCT_BUNDLE_IDENTIFIER = com.ajinian.NordstromRack;
				PRODUCT_NAME = "$(TARGET_NAME)";
				SWIFT_VERSION = 5.0;
				TARGETED_DEVICE_FAMILY = "1,2";
			};
			name = Debug;
		};
		068D7FC524D4CD3C00AB1549 /* Release */ = {
			isa = XCBuildConfiguration;
			baseConfigurationReference = 153896C37B83E437FD7EA5E4 /* Pods-NordstromRack.release.xcconfig */;
			buildSettings = {
				ASSETCATALOG_COMPILER_APPICON_NAME = AppIcon;
				CODE_SIGN_STYLE = Automatic;
				DEVELOPMENT_TEAM = G4722899K4;
				INFOPLIST_FILE = NordstromRack/Info.plist;
				LD_RUNPATH_SEARCH_PATHS = (
					"$(inherited)",
					"@executable_path/Frameworks",
				);
				PRODUCT_BUNDLE_IDENTIFIER = com.ajinian.NordstromRack;
				PRODUCT_NAME = "$(TARGET_NAME)";
				SWIFT_VERSION = 5.0;
				TARGETED_DEVICE_FAMILY = "1,2";
			};
			name = Release;
		};
		068D7FC724D4CD3C00AB1549 /* Debug */ = {
			isa = XCBuildConfiguration;
			baseConfigurationReference = 3095C590015B38F08D933A17 /* Pods-NordstromRackTests.debug.xcconfig */;
			buildSettings = {
				ALWAYS_EMBED_SWIFT_STANDARD_LIBRARIES = YES;
				BUNDLE_LOADER = "$(TEST_HOST)";
				CODE_SIGN_STYLE = Automatic;
				DEVELOPMENT_TEAM = G4722899K4;
				INFOPLIST_FILE = NordstromRackTests/Info.plist;
				IPHONEOS_DEPLOYMENT_TARGET = 13.6;
				LD_RUNPATH_SEARCH_PATHS = (
					"$(inherited)",
					"@executable_path/Frameworks",
					"@loader_path/Frameworks",
				);
				PRODUCT_BUNDLE_IDENTIFIER = com.ajinian.NordstromRackTests;
				PRODUCT_NAME = "$(TARGET_NAME)";
				SWIFT_VERSION = 5.0;
				TARGETED_DEVICE_FAMILY = "1,2";
				TEST_HOST = "$(BUILT_PRODUCTS_DIR)/NordstromRack.app/NordstromRack";
			};
			name = Debug;
		};
		068D7FC824D4CD3C00AB1549 /* Release */ = {
			isa = XCBuildConfiguration;
			baseConfigurationReference = E64F654C36E82DE06C6FCD02 /* Pods-NordstromRackTests.release.xcconfig */;
			buildSettings = {
				ALWAYS_EMBED_SWIFT_STANDARD_LIBRARIES = YES;
				BUNDLE_LOADER = "$(TEST_HOST)";
				CODE_SIGN_STYLE = Automatic;
				DEVELOPMENT_TEAM = G4722899K4;
				INFOPLIST_FILE = NordstromRackTests/Info.plist;
				IPHONEOS_DEPLOYMENT_TARGET = 13.6;
				LD_RUNPATH_SEARCH_PATHS = (
					"$(inherited)",
					"@executable_path/Frameworks",
					"@loader_path/Frameworks",
				);
				PRODUCT_BUNDLE_IDENTIFIER = com.ajinian.NordstromRackTests;
				PRODUCT_NAME = "$(TARGET_NAME)";
				SWIFT_VERSION = 5.0;
				TARGETED_DEVICE_FAMILY = "1,2";
				TEST_HOST = "$(BUILT_PRODUCTS_DIR)/NordstromRack.app/NordstromRack";
			};
			name = Release;
		};
/* End XCBuildConfiguration section */

/* Begin XCConfigurationList section */
		068D7F9F24D4CD3800AB1549 /* Build configuration list for PBXProject "NordstromRack" */ = {
			isa = XCConfigurationList;
			buildConfigurations = (
				068D7FC124D4CD3C00AB1549 /* Debug */,
				068D7FC224D4CD3C00AB1549 /* Release */,
			);
			defaultConfigurationIsVisible = 0;
			defaultConfigurationName = Release;
		};
		068D7FC324D4CD3C00AB1549 /* Build configuration list for PBXNativeTarget "NordstromRack" */ = {
			isa = XCConfigurationList;
			buildConfigurations = (
				068D7FC424D4CD3C00AB1549 /* Debug */,
				068D7FC524D4CD3C00AB1549 /* Release */,
			);
			defaultConfigurationIsVisible = 0;
			defaultConfigurationName = Release;
		};
		068D7FC624D4CD3C00AB1549 /* Build configuration list for PBXNativeTarget "NordstromRackTests" */ = {
			isa = XCConfigurationList;
			buildConfigurations = (
				068D7FC724D4CD3C00AB1549 /* Debug */,
				068D7FC824D4CD3C00AB1549 /* Release */,
			);
			defaultConfigurationIsVisible = 0;
			defaultConfigurationName = Release;
		};
/* End XCConfigurationList section */
	};
	rootObject = 068D7F9C24D4CD3800AB1549 /* Project object */;
}
